// !$*UTF8*$!
{
	archiveVersion = 1;
	classes = {
	};
	objectVersion = 46;
	objects = {

/* Begin PBXBuildFile section */
		F7C40FFA1AA6B2BB00D747CA /* AppDelegate.swift in Sources */ = {isa = PBXBuildFile; fileRef = F7C40FF91AA6B2BB00D747CA /* AppDelegate.swift */; };
		F7C40FFC1AA6B2BB00D747CA /* ViewController.swift in Sources */ = {isa = PBXBuildFile; fileRef = F7C40FFB1AA6B2BB00D747CA /* ViewController.swift */; };
		F7C40FFF1AA6B2BB00D747CA /* Main.storyboard in Resources */ = {isa = PBXBuildFile; fileRef = F7C40FFD1AA6B2BB00D747CA /* Main.storyboard */; };
		F7C410011AA6B2BB00D747CA /* Images.xcassets in Resources */ = {isa = PBXBuildFile; fileRef = F7C410001AA6B2BB00D747CA /* Images.xcassets */; };
		F7C410041AA6B2BB00D747CA /* LaunchScreen.xib in Resources */ = {isa = PBXBuildFile; fileRef = F7C410021AA6B2BB00D747CA /* LaunchScreen.xib */; };
		F7C410101AA6B2BB00D747CA /* TumblrTests.swift in Sources */ = {isa = PBXBuildFile; fileRef = F7C4100F1AA6B2BB00D747CA /* TumblrTests.swift */; };
/* End PBXBuildFile section */

/* Begin PBXContainerItemProxy section */
		F7C4100A1AA6B2BB00D747CA /* PBXContainerItemProxy */ = {
			isa = PBXContainerItemProxy;
			containerPortal = F7C40FEC1AA6B2BB00D747CA /* Project object */;
			proxyType = 1;
			remoteGlobalIDString = F7C40FF31AA6B2BB00D747CA;
			remoteInfo = Tumblr;
		};
/* End PBXContainerItemProxy section */

/* Begin PBXFileReference section */
		F7C40FF41AA6B2BB00D747CA /* Tumblr.app */ = {isa = PBXFileReference; explicitFileType = wrapper.application; includeInIndex = 0; path = Tumblr.app; sourceTree = BUILT_PRODUCTS_DIR; };
		F7C40FF81AA6B2BB00D747CA /* Info.plist */ = {isa = PBXFileReference; lastKnownFileType = text.plist.xml; path = Info.plist; sourceTree = "<group>"; };
		F7C40FF91AA6B2BB00D747CA /* AppDelegate.swift */ = {isa = PBXFileReference; lastKnownFileType = sourcecode.swift; path = AppDelegate.swift; sourceTree = "<group>"; };
		F7C40FFB1AA6B2BB00D747CA /* ViewController.swift */ = {isa = PBXFileReference; lastKnownFileType = sourcecode.swift; path = ViewController.swift; sourceTree = "<group>"; };
		F7C40FFE1AA6B2BB00D747CA /* Base */ = {isa = PBXFileReference; lastKnownFileType = file.storyboard; name = Base; path = Base.lproj/Main.storyboard; sourceTree = "<group>"; };
		F7C410001AA6B2BB00D747CA /* Images.xcassets */ = {isa = PBXFileReference; lastKnownFileType = folder.assetcatalog; path = Images.xcassets; sourceTree = "<group>"; };
		F7C410031AA6B2BB00D747CA /* Base */ = {isa = PBXFileReference; lastKnownFileType = file.xib; name = Base; path = Base.lproj/LaunchScreen.xib; sourceTree = "<group>"; };
		F7C410091AA6B2BB00D747CA /* TumblrTests.xctest */ = {isa = PBXFileReference; explicitFileType = wrapper.cfbundle; includeInIndex = 0; path = TumblrTests.xctest; sourceTree = BUILT_PRODUCTS_DIR; };
		F7C4100E1AA6B2BB00D747CA /* Info.plist */ = {isa = PBXFileReference; lastKnownFileType = text.plist.xml; path = Info.plist; sourceTree = "<group>"; };
		F7C4100F1AA6B2BB00D747CA /* TumblrTests.swift */ = {isa = PBXFileReference; lastKnownFileType = sourcecode.swift; path = TumblrTests.swift; sourceTree = "<group>"; };
/* End PBXFileReference section */

/* Begin PBXFrameworksBuildPhase section */
		F7C40FF11AA6B2BB00D747CA /* Frameworks */ = {
			isa = PBXFrameworksBuildPhase;
			buildActionMask = 2147483647;
			files = (
			);
			runOnlyForDeploymentPostprocessing = 0;
		};
		F7C410061AA6B2BB00D747CA /* Frameworks */ = {
			isa = PBXFrameworksBuildPhase;
			buildActionMask = 2147483647;
			files = (
			);
			runOnlyForDeploymentPostprocessing = 0;
		};
/* End PBXFrameworksBuildPhase section */

/* Begin PBXGroup section */
		F7C40FEB1AA6B2BB00D747CA = {
			isa = PBXGroup;
			children = (
				F7C40FF61AA6B2BB00D747CA /* Tumblr */,
				F7C4100C1AA6B2BB00D747CA /* TumblrTests */,
				F7C40FF51AA6B2BB00D747CA /* Products */,
			);
			sourceTree = "<group>";
		};
		F7C40FF51AA6B2BB00D747CA /* Products */ = {
			isa = PBXGroup;
			children = (
				F7C40FF41AA6B2BB00D747CA /* Tumblr.app */,
				F7C410091AA6B2BB00D747CA /* TumblrTests.xctest */,
			);
			name = Products;
			sourceTree = "<group>";
		};
		F7C40FF61AA6B2BB00D747CA /* Tumblr */ = {
			isa = PBXGroup;
			children = (
				F7C40FF91AA6B2BB00D747CA /* AppDelegate.swift */,
				F7C40FFB1AA6B2BB00D747CA /* ViewController.swift */,
				F7C40FFD1AA6B2BB00D747CA /* Main.storyboard */,
				F7C410001AA6B2BB00D747CA /* Images.xcassets */,
				F7C410021AA6B2BB00D747CA /* LaunchScreen.xib */,
				F7C40FF71AA6B2BB00D747CA /* Supporting Files */,
			);
			path = Tumblr;
			sourceTree = "<group>";
		};
		F7C40FF71AA6B2BB00D747CA /* Supporting Files */ = {
			isa = PBXGroup;
			children = (
				F7C40FF81AA6B2BB00D747CA /* Info.plist */,
			);
			name = "Supporting Files";
			sourceTree = "<group>";
		};
		F7C4100C1AA6B2BB00D747CA /* TumblrTests */ = {
			isa = PBXGroup;
			children = (
				F7C4100F1AA6B2BB00D747CA /* TumblrTests.swift */,
				F7C4100D1AA6B2BB00D747CA /* Supporting Files */,
			);
			path = TumblrTests;
			sourceTree = "<group>";
		};
		F7C4100D1AA6B2BB00D747CA /* Supporting Files */ = {
			isa = PBXGroup;
			children = (
				F7C4100E1AA6B2BB00D747CA /* Info.plist */,
			);
			name = "Supporting Files";
			sourceTree = "<group>";
		};
/* End PBXGroup section */

/* Begin PBXNativeTarget section */
		F7C40FF31AA6B2BB00D747CA /* Tumblr */ = {
			isa = PBXNativeTarget;
			buildConfigurationList = F7C410131AA6B2BB00D747CA /* Build configuration list for PBXNativeTarget "Tumblr" */;
			buildPhases = (
				F7C40FF01AA6B2BB00D747CA /* Sources */,
				F7C40FF11AA6B2BB00D747CA /* Frameworks */,
				F7C40FF21AA6B2BB00D747CA /* Resources */,
			);
			buildRules = (
			);
			dependencies = (
			);
			name = Tumblr;
			productName = Tumblr;
			productReference = F7C40FF41AA6B2BB00D747CA /* Tumblr.app */;
			productType = "com.apple.product-type.application";
		};
		F7C410081AA6B2BB00D747CA /* TumblrTests */ = {
			isa = PBXNativeTarget;
			buildConfigurationList = F7C410161AA6B2BB00D747CA /* Build configuration list for PBXNativeTarget "TumblrTests" */;
			buildPhases = (
				F7C410051AA6B2BB00D747CA /* Sources */,
				F7C410061AA6B2BB00D747CA /* Frameworks */,
				F7C410071AA6B2BB00D747CA /* Resources */,
			);
			buildRules = (
			);
			dependencies = (
				F7C4100B1AA6B2BB00D747CA /* PBXTargetDependency */,
			);
			name = TumblrTests;
			productName = TumblrTests;
			productReference = F7C410091AA6B2BB00D747CA /* TumblrTests.xctest */;
			productType = "com.apple.product-type.bundle.unit-test";
		};
/* End PBXNativeTarget section */

/* Begin PBXProject section */
		F7C40FEC1AA6B2BB00D747CA /* Project object */ = {
			isa = PBXProject;
			attributes = {
				LastUpgradeCheck = 0610;
				ORGANIZATIONNAME = Brigade;
				TargetAttributes = {
					F7C40FF31AA6B2BB00D747CA = {
						CreatedOnToolsVersion = 6.1.1;
					};
					F7C410081AA6B2BB00D747CA = {
						CreatedOnToolsVersion = 6.1.1;
						TestTargetID = F7C40FF31AA6B2BB00D747CA;
					};
				};
			};
			buildConfigurationList = F7C40FEF1AA6B2BB00D747CA /* Build configuration list for PBXProject "Tumblr" */;
			compatibilityVersion = "Xcode 3.2";
			developmentRegion = English;
			hasScannedForEncodings = 0;
			knownRegions = (
				en,
				Base,
			);
			mainGroup = F7C40FEB1AA6B2BB00D747CA;
			productRefGroup = F7C40FF51AA6B2BB00D747CA /* Products */;
			projectDirPath = "";
			projectRoot = "";
			targets = (
				F7C40FF31AA6B2BB00D747CA /* Tumblr */,
				F7C410081AA6B2BB00D747CA /* TumblrTests */,
			);
		};
/* End PBXProject section */

/* Begin PBXResourcesBuildPhase section */
		F7C40FF21AA6B2BB00D747CA /* Resources */ = {
			isa = PBXResourcesBuildPhase;
			buildActionMask = 2147483647;
			files = (
				F7C40FFF1AA6B2BB00D747CA /* Main.storyboard in Resources */,
				F7C410041AA6B2BB00D747CA /* LaunchScreen.xib in Resources */,
				F7C410011AA6B2BB00D747CA /* Images.xcassets in Resources */,
			);
			runOnlyForDeploymentPostprocessing = 0;
		};
		F7C410071AA6B2BB00D747CA /* Resources */ = {
			isa = PBXResourcesBuildPhase;
			buildActionMask = 2147483647;
			files = (
			);
			runOnlyForDeploymentPostprocessing = 0;
		};
/* End PBXResourcesBuildPhase section */

/* Begin PBXSourcesBuildPhase section */
		F7C40FF01AA6B2BB00D747CA /* Sources */ = {
			isa = PBXSourcesBuildPhase;
			buildActionMask = 2147483647;
			files = (
				F7C40FFC1AA6B2BB00D747CA /* ViewController.swift in Sources */,
				F7C40FFA1AA6B2BB00D747CA /* AppDelegate.swift in Sources */,
			);
			runOnlyForDeploymentPostprocessing = 0;
		};
		F7C410051AA6B2BB00D747CA /* Sources */ = {
			isa = PBXSourcesBuildPhase;
			buildActionMask = 2147483647;
			files = (
				F7C410101AA6B2BB00D747CA /* TumblrTests.swift in Sources */,
			);
			runOnlyForDeploymentPostprocessing = 0;
		};
/* End PBXSourcesBuildPhase section */

/* Begin PBXTargetDependency section */
		F7C4100B1AA6B2BB00D747CA /* PBXTargetDependency */ = {
			isa = PBXTargetDependency;
			target = F7C40FF31AA6B2BB00D747CA /* Tumblr */;
			targetProxy = F7C4100A1AA6B2BB00D747CA /* PBXContainerItemProxy */;
		};
/* End PBXTargetDependency section */

/* Begin PBXVariantGroup section */
		F7C40FFD1AA6B2BB00D747CA /* Main.storyboard */ = {
			isa = PBXVariantGroup;
			children = (
				F7C40FFE1AA6B2BB00D747CA /* Base */,
			);
			name = Main.storyboard;
			sourceTree = "<group>";
		};
		F7C410021AA6B2BB00D747CA /* LaunchScreen.xib */ = {
			isa = PBXVariantGroup;
			children = (
				F7C410031AA6B2BB00D747CA /* Base */,
			);
			name = LaunchScreen.xib;
			sourceTree = "<group>";
		};
/* End PBXVariantGroup section */

/* Begin XCBuildConfiguration section */
		F7C410111AA6B2BB00D747CA /* Debug */ = {
			isa = XCBuildConfiguration;
			buildSettings = {
				ALWAYS_SEARCH_USER_PATHS = NO;
				CLANG_CXX_LANGUAGE_STANDARD = "gnu++0x";
				CLANG_CXX_LIBRARY = "libc++";
				CLANG_ENABLE_MODULES = YES;
				CLANG_ENABLE_OBJC_ARC = YES;
				CLANG_WARN_BOOL_CONVERSION = YES;
				CLANG_WARN_CONSTANT_CONVERSION = YES;
				CLANG_WARN_DIRECT_OBJC_ISA_USAGE = YES_ERROR;
				CLANG_WARN_EMPTY_BODY = YES;
				CLANG_WARN_ENUM_CONVERSION = YES;
				CLANG_WARN_INT_CONVERSION = YES;
				CLANG_WARN_OBJC_ROOT_CLASS = YES_ERROR;
				CLANG_WARN_UNREACHABLE_CODE = YES;
				CLANG_WARN__DUPLICATE_METHOD_MATCH = YES;
				"CODE_SIGN_IDENTITY[sdk=iphoneos*]" = "iPhone Developer";
				COPY_PHASE_STRIP = NO;
				ENABLE_STRICT_OBJC_MSGSEND = YES;
				GCC_C_LANGUAGE_STANDARD = gnu99;
				GCC_DYNAMIC_NO_PIC = NO;
				GCC_OPTIMIZATION_LEVEL = 0;
				GCC_PREPROCESSOR_DEFINITIONS = (
					"DEBUG=1",
					"$(inherited)",
				);
				GCC_SYMBOLS_PRIVATE_EXTERN = NO;
				GCC_WARN_64_TO_32_BIT_CONVERSION = YES;
				GCC_WARN_ABOUT_RETURN_TYPE = YES_ERROR;
				GCC_WARN_UNDECLARED_SELECTOR = YES;
				GCC_WARN_UNINITIALIZED_AUTOS = YES_AGGRESSIVE;
				GCC_WARN_UNUSED_FUNCTION = YES;
				GCC_WARN_UNUSED_VARIABLE = YES;
				IPHONEOS_DEPLOYMENT_TARGET = 8.1;
				MTL_ENABLE_DEBUG_INFO = YES;
				ONLY_ACTIVE_ARCH = YES;
				SDKROOT = iphoneos;
				SWIFT_OPTIMIZATION_LEVEL = "-Onone";
			};
			name = Debug;
		};
		F7C410121AA6B2BB00D747CA /* Release */ = {
			isa = XCBuildConfiguration;
			buildSettings = {
				ALWAYS_SEARCH_USER_PATHS = NO;
				CLANG_CXX_LANGUAGE_STANDARD = "gnu++0x";
				CLANG_CXX_LIBRARY = "libc++";
				CLANG_ENABLE_MODULES = YES;
				CLANG_ENABLE_OBJC_ARC = YES;
				CLANG_WARN_BOOL_CONVERSION = YES;
				CLANG_WARN_CONSTANT_CONVERSION = YES;
				CLANG_WARN_DIRECT_OBJC_ISA_USAGE = YES_ERROR;
				CLANG_WARN_EMPTY_BODY = YES;
				CLANG_WARN_ENUM_CONVERSION = YES;
				CLANG_WARN_INT_CONVERSION = YES;
				CLANG_WARN_OBJC_ROOT_CLASS = YES_ERROR;
				CLANG_WARN_UNREACHABLE_CODE = YES;
				CLANG_WARN__DUPLICATE_METHOD_MATCH = YES;
				"CODE_SIGN_IDENTITY[sdk=iphoneos*]" = "iPhone Developer";
				COPY_PHASE_STRIP = YES;
				ENABLE_NS_ASSERTIONS = NO;
				ENABLE_STRICT_OBJC_MSGSEND = YES;
				GCC_C_LANGUAGE_STANDARD = gnu99;
				GCC_WARN_64_TO_32_BIT_CONVERSION = YES;
				GCC_WARN_ABOUT_RETURN_TYPE = YES_ERROR;
				GCC_WARN_UNDECLARED_SELECTOR = YES;
				GCC_WARN_UNINITIALIZED_AUTOS = YES_AGGRESSIVE;
				GCC_WARN_UNUSED_FUNCTION = YES;
				GCC_WARN_UNUSED_VARIABLE = YES;
				IPHONEOS_DEPLOYMENT_TARGET = 8.1;
				MTL_ENABLE_DEBUG_INFO = NO;
				SDKROOT = iphoneos;
				VALIDATE_PRODUCT = YES;
			};
			name = Release;
		};
		F7C410141AA6B2BB00D747CA /* Debug */ = {
			isa = XCBuildConfiguration;
			buildSettings = {
				ASSETCATALOG_COMPILER_APPICON_NAME = AppIcon;
				INFOPLIST_FILE = Tumblr/Info.plist;
				LD_RUNPATH_SEARCH_PATHS = "$(inherited) @executable_path/Frameworks";
				PRODUCT_NAME = "$(TARGET_NAME)";
			};
			name = Debug;
		};
		F7C410151AA6B2BB00D747CA /* Release */ = {
			isa = XCBuildConfiguration;
			buildSettings = {
				ASSETCATALOG_COMPILER_APPICON_NAME = AppIcon;
				INFOPLIST_FILE = Tumblr/Info.plist;
				LD_RUNPATH_SEARCH_PATHS = "$(inherited) @executable_path/Frameworks";
				PRODUCT_NAME = "$(TARGET_NAME)";
			};
			name = Release;
		};
		F7C410171AA6B2BB00D747CA /* Debug */ = {
			isa = XCBuildConfiguration;
			buildSettings = {
				BUNDLE_LOADER = "$(TEST_HOST)";
				FRAMEWORK_SEARCH_PATHS = (
					"$(SDKROOT)/Developer/Library/Frameworks",
					"$(inherited)",
				);
				GCC_PREPROCESSOR_DEFINITIONS = (
					"DEBUG=1",
					"$(inherited)",
				);
				INFOPLIST_FILE = TumblrTests/Info.plist;
				LD_RUNPATH_SEARCH_PATHS = "$(inherited) @executable_path/Frameworks @loader_path/Frameworks";
				PRODUCT_NAME = "$(TARGET_NAME)";
				TEST_HOST = "$(BUILT_PRODUCTS_DIR)/Tumblr.app/Tumblr";
			};
			name = Debug;
		};
		F7C410181AA6B2BB00D747CA /* Release */ = {
			isa = XCBuildConfiguration;
			buildSettings = {
				BUNDLE_LOADER = "$(TEST_HOST)";
				FRAMEWORK_SEARCH_PATHS = (
					"$(SDKROOT)/Developer/Library/Frameworks",
					"$(inherited)",
				);
				INFOPLIST_FILE = TumblrTests/Info.plist;
				LD_RUNPATH_SEARCH_PATHS = "$(inherited) @executable_path/Frameworks @loader_path/Frameworks";
				PRODUCT_NAME = "$(TARGET_NAME)";
				TEST_HOST = "$(BUILT_PRODUCTS_DIR)/Tumblr.app/Tumblr";
			};
			name = Release;
		};
/* End XCBuildConfiguration section */

/* Begin XCConfigurationList section */
		F7C40FEF1AA6B2BB00D747CA /* Build configuration list for PBXProject "Tumblr" */ = {
			isa = XCConfigurationList;
			buildConfigurations = (
				F7C410111AA6B2BB00D747CA /* Debug */,
				F7C410121AA6B2BB00D747CA /* Release */,
			);
			defaultConfigurationIsVisible = 0;
			defaultConfigurationName = Release;
		};
		F7C410131AA6B2BB00D747CA /* Build configuration list for PBXNativeTarget "Tumblr" */ = {
			isa = XCConfigurationList;
			buildConfigurations = (
				F7C410141AA6B2BB00D747CA /* Debug */,
				F7C410151AA6B2BB00D747CA /* Release */,
			);
			defaultConfigurationIsVisible = 0;
		};
		F7C410161AA6B2BB00D747CA /* Build configuration list for PBXNativeTarget "TumblrTests" */ = {
			isa = XCConfigurationList;
			buildConfigurations = (
				F7C410171AA6B2BB00D747CA /* Debug */,
				F7C410181AA6B2BB00D747CA /* Release */,
			);
			defaultConfigurationIsVisible = 0;
		};
/* End XCConfigurationList section */
	};
	rootObject = F7C40FEC1AA6B2BB00D747CA /* Project object */;
}
